// !$*UTF8*$!
{
	archiveVersion = 1;
	classes = {
	};
	objectVersion = 77;
	objects = {

/* Begin PBXBuildFile section */
		00DC3921CBA8A8D0F6F92A7C /* RunDetailView.swift in Sources */ = {isa = PBXBuildFile; fileRef = 5E814613108E9B52E173F4AD /* RunDetailView.swift */; };
		0A2201EF63AA10A7742866CC /* RunnerNote.swift in Sources */ = {isa = PBXBuildFile; fileRef = 543E3F6BDD82A463E199575E /* RunnerNote.swift */; };
		0A6159651CAAE3EB6F6B3DBD /* ConversationView.swift in Sources */ = {isa = PBXBuildFile; fileRef = B4A914069CA903B9462EF278 /* ConversationView.swift */; };
		0A77BE5B18E71F9EB884CFBB /* DesignTokens.swift in Sources */ = {isa = PBXBuildFile; fileRef = 83A542A78338597FE43E37FC /* DesignTokens.swift */; };
		155540385355F57AE138B0AE /* CoachEntry.swift in Sources */ = {isa = PBXBuildFile; fileRef = C46A66688E41DA3C2BA080A2 /* CoachEntry.swift */; };
		179207429C848FC71F4F1AEE /* AppModel.swift in Sources */ = {isa = PBXBuildFile; fileRef = 8B9B46E6CCDE31BC0E600C00 /* AppModel.swift */; };
		2743D9307B37D410F3D1BA6E /* Models.swift in Sources */ = {isa = PBXBuildFile; fileRef = 504A3ECC64732183D1F298B6 /* Models.swift */; };
		5414FB054AFC3D4F6464E344 /* MetricExtractor.swift in Sources */ = {isa = PBXBuildFile; fileRef = A3F1E21B71FF977D3299B659 /* MetricExtractor.swift */; };
		5B98B9E04961F1ABE393CA3C /* SettingsView.swift in Sources */ = {isa = PBXBuildFile; fileRef = F1C7EB466B1085204715B8CC /* SettingsView.swift */; };
		63B52EBAA078F425B91D871A /* PeiPeiApp.swift in Sources */ = {isa = PBXBuildFile; fileRef = 876156C66285B876D82771AF /* PeiPeiApp.swift */; };
		6CF3C8B3517CDA14B02F981B /* PlanView.swift in Sources */ = {isa = PBXBuildFile; fileRef = 9D80DD39EDA4230C1523EA47 /* PlanView.swift */; };
		6F316A0653EA961AB96FB490 /* APIClient.swift in Sources */ = {isa = PBXBuildFile; fileRef = 8938750CAD1707E43441B5FA /* APIClient.swift */; };
		83149FCB02C8F0876EF27011 /* MarkupCleaner.swift in Sources */ = {isa = PBXBuildFile; fileRef = 6570A7B0909E4F54AC08427F /* MarkupCleaner.swift */; };
		BD24A4ADF103EE4D50E14E06 /* LogView.swift in Sources */ = {isa = PBXBuildFile; fileRef = 492EA7ED8B74E0B14FF70A46 /* LogView.swift */; };
		C2C83BE65840C31608E7C25D /* KeychainHelper.swift in Sources */ = {isa = PBXBuildFile; fileRef = D53F8789B2E8F297BE7EBD96 /* KeychainHelper.swift */; };
		C613C6073A8B291E96DD1071 /* ComposerView.swift in Sources */ = {isa = PBXBuildFile; fileRef = CF6F669AB45258C9D6053352 /* ComposerView.swift */; };
		C68424BD8E17FF93FB81D67A /* LoginView.swift in Sources */ = {isa = PBXBuildFile; fileRef = 8FB91B64D0B10038953BC7FE /* LoginView.swift */; };
		C698DB68F0294B45FE4715A7 /* SignalView.swift in Sources */ = {isa = PBXBuildFile; fileRef = 92AA89781FFE69C01456DAF2 /* SignalView.swift */; };
		CDF496C4B7887FDB8492740D /* Assets.xcassets in Resources */ = {isa = PBXBuildFile; fileRef = 87A8E064F5563203C705572F /* Assets.xcassets */; };
/* End PBXBuildFile section */

/* Begin PBXFileReference section */
		492EA7ED8B74E0B14FF70A46 /* LogView.swift */ = {isa = PBXFileReference; lastKnownFileType = sourcecode.swift; path = LogView.swift; sourceTree = "<group>"; };
		504A3ECC64732183D1F298B6 /* Models.swift */ = {isa = PBXFileReference; lastKnownFileType = sourcecode.swift; path = Models.swift; sourceTree = "<group>"; };
		543E3F6BDD82A463E199575E /* RunnerNote.swift */ = {isa = PBXFileReference; lastKnownFileType = sourcecode.swift; path = RunnerNote.swift; sourceTree = "<group>"; };
		5AE0EAC40CDCDFA70E314ED3 /* Info.plist */ = {isa = PBXFileReference; lastKnownFileType = text.plist; path = Info.plist; sourceTree = "<group>"; };
		5E814613108E9B52E173F4AD /* RunDetailView.swift */ = {isa = PBXFileReference; lastKnownFileType = sourcecode.swift; path = RunDetailView.swift; sourceTree = "<group>"; };
		6570A7B0909E4F54AC08427F /* MarkupCleaner.swift */ = {isa = PBXFileReference; lastKnownFileType = sourcecode.swift; path = MarkupCleaner.swift; sourceTree = "<group>"; };
		83A542A78338597FE43E37FC /* DesignTokens.swift */ = {isa = PBXFileReference; lastKnownFileType = sourcecode.swift; path = DesignTokens.swift; sourceTree = "<group>"; };
		876156C66285B876D82771AF /* PeiPeiApp.swift */ = {isa = PBXFileReference; lastKnownFileType = sourcecode.swift; path = PeiPeiApp.swift; sourceTree = "<group>"; };
		87A8E064F5563203C705572F /* Assets.xcassets */ = {isa = PBXFileReference; lastKnownFileType = folder.assetcatalog; path = Assets.xcassets; sourceTree = "<group>"; };
		8938750CAD1707E43441B5FA /* APIClient.swift */ = {isa = PBXFileReference; lastKnownFileType = sourcecode.swift; path = APIClient.swift; sourceTree = "<group>"; };
		8B9B46E6CCDE31BC0E600C00 /* AppModel.swift */ = {isa = PBXFileReference; lastKnownFileType = sourcecode.swift; path = AppModel.swift; sourceTree = "<group>"; };
		8FB91B64D0B10038953BC7FE /* LoginView.swift */ = {isa = PBXFileReference; lastKnownFileType = sourcecode.swift; path = LoginView.swift; sourceTree = "<group>"; };
		92AA89781FFE69C01456DAF2 /* SignalView.swift */ = {isa = PBXFileReference; lastKnownFileType = sourcecode.swift; path = SignalView.swift; sourceTree = "<group>"; };
		9B24C8A6D63FD86E54F75C5D /* PeiPei.app */ = {isa = PBXFileReference; includeInIndex = 0; lastKnownFileType = wrapper.application; path = PeiPei.app; sourceTree = BUILT_PRODUCTS_DIR; };
		9D80DD39EDA4230C1523EA47 /* PlanView.swift */ = {isa = PBXFileReference; lastKnownFileType = sourcecode.swift; path = PlanView.swift; sourceTree = "<group>"; };
		A3F1E21B71FF977D3299B659 /* MetricExtractor.swift */ = {isa = PBXFileReference; lastKnownFileType = sourcecode.swift; path = MetricExtractor.swift; sourceTree = "<group>"; };
		B4A914069CA903B9462EF278 /* ConversationView.swift */ = {isa = PBXFileReference; lastKnownFileType = sourcecode.swift; path = ConversationView.swift; sourceTree = "<group>"; };
		C46A66688E41DA3C2BA080A2 /* CoachEntry.swift */ = {isa = PBXFileReference; lastKnownFileType = sourcecode.swift; path = CoachEntry.swift; sourceTree = "<group>"; };
		CF6F669AB45258C9D6053352 /* ComposerView.swift */ = {isa = PBXFileReference; lastKnownFileType = sourcecode.swift; path = ComposerView.swift; sourceTree = "<group>"; };
		D53F8789B2E8F297BE7EBD96 /* KeychainHelper.swift */ = {isa = PBXFileReference; lastKnownFileType = sourcecode.swift; path = KeychainHelper.swift; sourceTree = "<group>"; };
		F1C7EB466B1085204715B8CC /* SettingsView.swift */ = {isa = PBXFileReference; lastKnownFileType = sourcecode.swift; path = SettingsView.swift; sourceTree = "<group>"; };
/* End PBXFileReference section */

/* Begin PBXGroup section */
		0FEBDF2720E5B8CE3F1D3193 /* Signal */ = {
			isa = PBXGroup;
			children = (
				92AA89781FFE69C01456DAF2 /* SignalView.swift */,
			);
			path = Signal;
			sourceTree = "<group>";
		};
		238EA5CF24DD363CEC121B8B /* Conversation */ = {
			isa = PBXGroup;
			children = (
				C46A66688E41DA3C2BA080A2 /* CoachEntry.swift */,
				CF6F669AB45258C9D6053352 /* ComposerView.swift */,
				B4A914069CA903B9462EF278 /* ConversationView.swift */,
				492EA7ED8B74E0B14FF70A46 /* LogView.swift */,
				543E3F6BDD82A463E199575E /* RunnerNote.swift */,
			);
			path = Conversation;
			sourceTree = "<group>";
		};
		416FB6FEB70CCC0B82B460F8 /* Auth */ = {
			isa = PBXGroup;
			children = (
				8FB91B64D0B10038953BC7FE /* LoginView.swift */,
			);
			path = Auth;
			sourceTree = "<group>";
		};
		47D5A529922D4F8F69BB7C7B /* Core */ = {
			isa = PBXGroup;
			children = (
				8938750CAD1707E43441B5FA /* APIClient.swift */,
				8B9B46E6CCDE31BC0E600C00 /* AppModel.swift */,
				83A542A78338597FE43E37FC /* DesignTokens.swift */,
				D53F8789B2E8F297BE7EBD96 /* KeychainHelper.swift */,
				6570A7B0909E4F54AC08427F /* MarkupCleaner.swift */,
				A3F1E21B71FF977D3299B659 /* MetricExtractor.swift */,
				504A3ECC64732183D1F298B6 /* Models.swift */,
			);
			path = Core;
			sourceTree = "<group>";
		};
		7757A82521E69DBDDF99E57C /* Resources */ = {
			isa = PBXGroup;
			children = (
				87A8E064F5563203C705572F /* Assets.xcassets */,
			);
			path = Resources;
			sourceTree = "<group>";
		};
		87E790A841F3E0BB9049428C /* Products */ = {
			isa = PBXGroup;
			children = (
				9B24C8A6D63FD86E54F75C5D /* PeiPei.app */,
			);
			name = Products;
			sourceTree = "<group>";
		};
		95AB64C85E06A4F100014577 /* Settings */ = {
			isa = PBXGroup;
			children = (
				F1C7EB466B1085204715B8CC /* SettingsView.swift */,
			);
			path = Settings;
			sourceTree = "<group>";
		};
		9D095FF50344EDB83BD10530 /* PeiPei */ = {
			isa = PBXGroup;
			children = (
				5AE0EAC40CDCDFA70E314ED3 /* Info.plist */,
				876156C66285B876D82771AF /* PeiPeiApp.swift */,
				47D5A529922D4F8F69BB7C7B /* Core */,
				D7FEA5F98362866D40C9CA48 /* Features */,
				7757A82521E69DBDDF99E57C /* Resources */,
			);
			path = PeiPei;
			sourceTree = "<group>";
		};
		B815EAE4F6FF7280C76A1B52 /* Data */ = {
			isa = PBXGroup;
			children = (
				9D80DD39EDA4230C1523EA47 /* PlanView.swift */,
				5E814613108E9B52E173F4AD /* RunDetailView.swift */,
			);
			path = Data;
			sourceTree = "<group>";
		};
		D7FEA5F98362866D40C9CA48 /* Features */ = {
			isa = PBXGroup;
			children = (
				416FB6FEB70CCC0B82B460F8 /* Auth */,
				238EA5CF24DD363CEC121B8B /* Conversation */,
				B815EAE4F6FF7280C76A1B52 /* Data */,
				95AB64C85E06A4F100014577 /* Settings */,
				0FEBDF2720E5B8CE3F1D3193 /* Signal */,
			);
			path = Features;
			sourceTree = "<group>";
		};
		EB06D6BB7CC198490898950D = {
			isa = PBXGroup;
			children = (
				9D095FF50344EDB83BD10530 /* PeiPei */,
				87E790A841F3E0BB9049428C /* Products */,
			);
			sourceTree = "<group>";
		};
/* End PBXGroup section */

/* Begin PBXNativeTarget section */
		C597F26E195A1BD2E93BB161 /* PeiPei */ = {
			isa = PBXNativeTarget;
			buildConfigurationList = 63AA239067462381203305D8 /* Build configuration list for PBXNativeTarget "PeiPei" */;
			buildPhases = (
				9F7618BD2170F3BAAF418C28 /* Sources */,
				31BD291BDC3BB6B135DECBEF /* Resources */,
			);
			buildRules = (
			);
			dependencies = (
			);
			name = PeiPei;
			packageProductDependencies = (
			);
			productName = PeiPei;
			productReference = 9B24C8A6D63FD86E54F75C5D /* PeiPei.app */;
			productType = "com.apple.product-type.application";
		};
/* End PBXNativeTarget section */

/* Begin PBXProject section */
		7EDE03273F441818B9F93D96 /* Project object */ = {
			isa = PBXProject;
			attributes = {
				BuildIndependentTargetsInParallel = YES;
				LastUpgradeCheck = 1600;
				TargetAttributes = {
					C597F26E195A1BD2E93BB161 = {
						DevelopmentTeam = MNB3V4MHFJ;
						ProvisioningStyle = Automatic;
					};
				};
			};
			buildConfigurationList = 354AA74CED4B1A99FFCF1910 /* Build configuration list for PBXProject "PeiPei" */;
			developmentRegion = en;
			hasScannedForEncodings = 0;
			knownRegions = (
				Base,
				en,
			);
			mainGroup = EB06D6BB7CC198490898950D;
			minimizedProjectReferenceProxies = 1;
			preferredProjectObjectVersion = 77;
			productRefGroup = 87E790A841F3E0BB9049428C /* Products */;
			projectDirPath = "";
			projectRoot = "";
			targets = (
				C597F26E195A1BD2E93BB161 /* PeiPei */,
			);
		};
/* End PBXProject section */

/* Begin PBXResourcesBuildPhase section */
		31BD291BDC3BB6B135DECBEF /* Resources */ = {
			isa = PBXResourcesBuildPhase;
			buildActionMask = 2147483647;
			files = (
				CDF496C4B7887FDB8492740D /* Assets.xcassets in Resources */,
			);
			runOnlyForDeploymentPostprocessing = 0;
		};
/* End PBXResourcesBuildPhase section */

/* Begin PBXSourcesBuildPhase section */
		9F7618BD2170F3BAAF418C28 /* Sources */ = {
			isa = PBXSourcesBuildPhase;
			buildActionMask = 2147483647;
			files = (
				6F316A0653EA961AB96FB490 /* APIClient.swift in Sources */,
				179207429C848FC71F4F1AEE /* AppModel.swift in Sources */,
				155540385355F57AE138B0AE /* CoachEntry.swift in Sources */,
				C613C6073A8B291E96DD1071 /* ComposerView.swift in Sources */,
				0A6159651CAAE3EB6F6B3DBD /* ConversationView.swift in Sources */,
				0A77BE5B18E71F9EB884CFBB /* DesignTokens.swift in Sources */,
				C2C83BE65840C31608E7C25D /* KeychainHelper.swift in Sources */,
				BD24A4ADF103EE4D50E14E06 /* LogView.swift in Sources */,
				C68424BD8E17FF93FB81D67A /* LoginView.swift in Sources */,
				83149FCB02C8F0876EF27011 /* MarkupCleaner.swift in Sources */,
				5414FB054AFC3D4F6464E344 /* MetricExtractor.swift in Sources */,
				2743D9307B37D410F3D1BA6E /* Models.swift in Sources */,
				63B52EBAA078F425B91D871A /* PeiPeiApp.swift in Sources */,
				6CF3C8B3517CDA14B02F981B /* PlanView.swift in Sources */,
				00DC3921CBA8A8D0F6F92A7C /* RunDetailView.swift in Sources */,
				0A2201EF63AA10A7742866CC /* RunnerNote.swift in Sources */,
				5B98B9E04961F1ABE393CA3C /* SettingsView.swift in Sources */,
				C698DB68F0294B45FE4715A7 /* SignalView.swift in Sources */,
			);
			runOnlyForDeploymentPostprocessing = 0;
		};
/* End PBXSourcesBuildPhase section */

/* Begin XCBuildConfiguration section */
		09C7CC9417C43BEB27E46FFE /* Debug */ = {
			isa = XCBuildConfiguration;
			buildSettings = {
				ASSETCATALOG_COMPILER_APPICON_NAME = AppIcon;
				CODE_SIGN_IDENTITY = "iPhone Developer";
				CODE_SIGN_STYLE = Automatic;
				INFOPLIST_FILE = PeiPei/Info.plist;
				LD_RUNPATH_SEARCH_PATHS = (
					"$(inherited)",
					"@executable_path/Frameworks",
				);
				PRODUCT_BUNDLE_IDENTIFIER = com.peipei.app;
				SDKROOT = iphoneos;
				TARGETED_DEVICE_FAMILY = "1,2";
			};
			name = Debug;
		};
		5DEB210BEE9F7B8744D94749 /* Release */ = {
			isa = XCBuildConfiguration;
			buildSettings = {
				ASSETCATALOG_COMPILER_APPICON_NAME = AppIcon;
				CODE_SIGN_IDENTITY = "iPhone Developer";
				CODE_SIGN_STYLE = Automatic;
				INFOPLIST_FILE = PeiPei/Info.plist;
				LD_RUNPATH_SEARCH_PATHS = (
					"$(inherited)",
					"@executable_path/Frameworks",
				);
				PRODUCT_BUNDLE_IDENTIFIER = com.peipei.app;
				SDKROOT = iphoneos;
				TARGETED_DEVICE_FAMILY = "1,2";
			};
			name = Release;
		};
		646B0E1CD9B0A91E579D3472 /* Release */ = {
			isa = XCBuildConfiguration;
			buildSettings = {
				ALWAYS_SEARCH_USER_PATHS = NO;
				CLANG_ANALYZER_NONNULL = YES;
				CLANG_ANALYZER_NUMBER_OBJECT_CONVERSION = YES_AGGRESSIVE;
				CLANG_CXX_LANGUAGE_STANDARD = "gnu++14";
				CLANG_CXX_LIBRARY = "libc++";
				CLANG_ENABLE_MODULES = YES;
				CLANG_ENABLE_OBJC_ARC = YES;
				CLANG_ENABLE_OBJC_WEAK = YES;
				CLANG_WARN_BLOCK_CAPTURE_AUTORELEASING = YES;
				CLANG_WARN_BOOL_CONVERSION = YES;
				CLANG_WARN_COMMA = YES;
				CLANG_WARN_CONSTANT_CONVERSION = YES;
				CLANG_WARN_DEPRECATED_OBJC_IMPLEMENTATIONS = YES;
				CLANG_WARN_DIRECT_OBJC_ISA_USAGE = YES_ERROR;
				CLANG_WARN_DOCUMENTATION_COMMENTS = YES;
				CLANG_WARN_EMPTY_BODY = YES;
				CLANG_WARN_ENUM_CONVERSION = YES;
				CLANG_WARN_INFINITE_RECURSION = YES;
				CLANG_WARN_INT_CONVERSION = YES;
				CLANG_WARN_NON_LITERAL_NULL_CONVERSION = YES;
				CLANG_WARN_OBJC_IMPLICIT_RETAIN_SELF = YES;
				CLANG_WARN_OBJC_LITERAL_CONVERSION = YES;
				CLANG_WARN_OBJC_ROOT_CLASS = YES_ERROR;
				CLANG_WARN_QUOTED_INCLUDE_IN_FRAMEWORK_HEADER = YES;
				CLANG_WARN_RANGE_LOOP_ANALYSIS = YES;
				CLANG_WARN_STRICT_PROTOTYPES = YES;
				CLANG_WARN_SUSPICIOUS_MOVE = YES;
				CLANG_WARN_UNGUARDED_AVAILABILITY = YES_AGGRESSIVE;
				CLANG_WARN_UNREACHABLE_CODE = YES;
				CLANG_WARN__DUPLICATE_METHOD_MATCH = YES;
				COPY_PHASE_STRIP = NO;
				CURRENT_PROJECT_VERSION = 1;
				DEBUG_INFORMATION_FORMAT = "dwarf-with-dsym";
				DEVELOPMENT_TEAM = MNB3V4MHFJ;
				ENABLE_NS_ASSERTIONS = NO;
				ENABLE_STRICT_OBJC_MSGSEND = YES;
				GCC_C_LANGUAGE_STANDARD = gnu11;
				GCC_NO_COMMON_BLOCKS = YES;
				GCC_WARN_64_TO_32_BIT_CONVERSION = YES;
				GCC_WARN_ABOUT_RETURN_TYPE = YES_ERROR;
				GCC_WARN_UNDECLARED_SELECTOR = YES;
				GCC_WARN_UNINITIALIZED_AUTOS = YES_AGGRESSIVE;
				GCC_WARN_UNUSED_FUNCTION = YES;
				GCC_WARN_UNUSED_VARIABLE = YES;
				IPHONEOS_DEPLOYMENT_TARGET = 17.0;
				MARKETING_VERSION = 2.0.0;
				MTL_ENABLE_DEBUG_INFO = NO;
				MTL_FAST_MATH = YES;
				PRODUCT_NAME = "$(TARGET_NAME)";
				SDKROOT = iphoneos;
				SWIFT_COMPILATION_MODE = wholemodule;
				SWIFT_OPTIMIZATION_LEVEL = "-O";
				SWIFT_VERSION = 6.0;
			};
			name = Release;
		};
		DB407E458F84CE3D7A1CA5C0 /* Debug */ = {
			isa = XCBuildConfiguration;
			buildSettings = {
				ALWAYS_SEARCH_USER_PATHS = NO;
				CLANG_ANALYZER_NONNULL = YES;
				CLANG_ANALYZER_NUMBER_OBJECT_CONVERSION = YES_AGGRESSIVE;
				CLANG_CXX_LANGUAGE_STANDARD = "gnu++14";
				CLANG_CXX_LIBRARY = "libc++";
				CLANG_ENABLE_MODULES = YES;
				CLANG_ENABLE_OBJC_ARC = YES;
				CLANG_ENABLE_OBJC_WEAK = YES;
				CLANG_WARN_BLOCK_CAPTURE_AUTORELEASING = YES;
				CLANG_WARN_BOOL_CONVERSION = YES;
				CLANG_WARN_COMMA = YES;
				CLANG_WARN_CONSTANT_CONVERSION = YES;
				CLANG_WARN_DEPRECATED_OBJC_IMPLEMENTATIONS = YES;
				CLANG_WARN_DIRECT_OBJC_ISA_USAGE = YES_ERROR;
				CLANG_WARN_DOCUMENTATION_COMMENTS = YES;
				CLANG_WARN_EMPTY_BODY = YES;
				CLANG_WARN_ENUM_CONVERSION = YES;
				CLANG_WARN_INFINITE_RECURSION = YES;
				CLANG_WARN_INT_CONVERSION = YES;
				CLANG_WARN_NON_LITERAL_NULL_CONVERSION = YES;
				CLANG_WARN_OBJC_IMPLICIT_RETAIN_SELF = YES;
				CLANG_WARN_OBJC_LITERAL_CONVERSION = YES;
				CLANG_WARN_OBJC_ROOT_CLASS = YES_ERROR;
				CLANG_WARN_QUOTED_INCLUDE_IN_FRAMEWORK_HEADER = YES;
				CLANG_WARN_RANGE_LOOP_ANALYSIS = YES;
				CLANG_WARN_STRICT_PROTOTYPES = YES;
				CLANG_WARN_SUSPICIOUS_MOVE = YES;
				CLANG_WARN_UNGUARDED_AVAILABILITY = YES_AGGRESSIVE;
				CLANG_WARN_UNREACHABLE_CODE = YES;
				CLANG_WARN__DUPLICATE_METHOD_MATCH = YES;
				COPY_PHASE_STRIP = NO;
				CURRENT_PROJECT_VERSION = 1;
				DEBUG_INFORMATION_FORMAT = dwarf;
				DEVELOPMENT_TEAM = MNB3V4MHFJ;
				ENABLE_STRICT_OBJC_MSGSEND = YES;
				ENABLE_TESTABILITY = YES;
				GCC_C_LANGUAGE_STANDARD = gnu11;
				GCC_DYNAMIC_NO_PIC = NO;
				GCC_NO_COMMON_BLOCKS = YES;
				GCC_OPTIMIZATION_LEVEL = 0;
				GCC_PREPROCESSOR_DEFINITIONS = (
					"$(inherited)",
					"DEBUG=1",
				);
				GCC_WARN_64_TO_32_BIT_CONVERSION = YES;
				GCC_WARN_ABOUT_RETURN_TYPE = YES_ERROR;
				GCC_WARN_UNDECLARED_SELECTOR = YES;
				GCC_WARN_UNINITIALIZED_AUTOS = YES_AGGRESSIVE;
				GCC_WARN_UNUSED_FUNCTION = YES;
				GCC_WARN_UNUSED_VARIABLE = YES;
				IPHONEOS_DEPLOYMENT_TARGET = 17.0;
				MARKETING_VERSION = 2.0.0;
				MTL_ENABLE_DEBUG_INFO = INCLUDE_SOURCE;
				MTL_FAST_MATH = YES;
				ONLY_ACTIVE_ARCH = YES;
				PRODUCT_NAME = "$(TARGET_NAME)";
				SDKROOT = iphoneos;
				SWIFT_ACTIVE_COMPILATION_CONDITIONS = DEBUG;
				SWIFT_OPTIMIZATION_LEVEL = "-Onone";
				SWIFT_VERSION = 6.0;
			};
			name = Debug;
		};
/* End XCBuildConfiguration section */

/* Begin XCConfigurationList section */
		354AA74CED4B1A99FFCF1910 /* Build configuration list for PBXProject "PeiPei" */ = {
			isa = XCConfigurationList;
			buildConfigurations = (
				DB407E458F84CE3D7A1CA5C0 /* Debug */,
				646B0E1CD9B0A91E579D3472 /* Release */,
			);
			defaultConfigurationIsVisible = 0;
			defaultConfigurationName = Debug;
		};
		63AA239067462381203305D8 /* Build configuration list for PBXNativeTarget "PeiPei" */ = {
			isa = XCConfigurationList;
			buildConfigurations = (
				09C7CC9417C43BEB27E46FFE /* Debug */,
				5DEB210BEE9F7B8744D94749 /* Release */,
			);
			defaultConfigurationIsVisible = 0;
			defaultConfigurationName = Debug;
		};
/* End XCConfigurationList section */
	};
	rootObject = 7EDE03273F441818B9F93D96 /* Project object */;
}
